
Microsoft Visual Studio Solution File, Format Version 12.00
# Visual Studio Version 16
VisualStudioVersion = 16.0.31727.386
MinimumVisualStudioVersion = 10.0.40219.1
Project("{FAE04EC0-301F-11D3-BF4B-00C04F79EFBC}") = "Truta_Diana_lab10.Android", "Truta_Diana_lab10.Android\Truta_Diana_lab10.Android.csproj", "{34FC8D92-9FC4-45C6-A05D-06175237F913}"
EndProject
Project("{FAE04EC0-301F-11D3-BF4B-00C04F79EFBC}") = "Truta_Diana_lab10.iOS", "Truta_Diana_lab10.iOS\Truta_Diana_lab10.iOS.csproj", "{30CCE43C-AF50-40BA-BA43-8AB212BC2555}"
EndProject
Project("{FAE04EC0-301F-11D3-BF4B-00C04F79EFBC}") = "Truta_Diana_lab10", "Truta_Diana_lab10\Truta_Diana_lab10.csproj", "{BF75A776-ABB8-4C0F-B8E7-C73ED86993CB}"
EndProject
Global
	GlobalSection(SolutionConfigurationPlatforms) = preSolution
		Debug|Any CPU = Debug|Any CPU
		Debug|iPhone = Debug|iPhone
		Debug|iPhoneSimulator = Debug|iPhoneSimulator
		Release|Any CPU = Release|Any CPU
		Release|iPhone = Release|iPhone
		Release|iPhoneSimulator = Release|iPhoneSimulator
	EndGlobalSection
	GlobalSection(ProjectConfigurationPlatforms) = postSolution
		{34FC8D92-9FC4-45C6-A05D-06175237F913}.Debug|Any CPU.ActiveCfg = Debug|Any CPU
		{34FC8D92-9FC4-45C6-A05D-06175237F913}.Debug|Any CPU.Build.0 = Debug|Any CPU
		{34FC8D92-9FC4-45C6-A05D-06175237F913}.Debug|Any CPU.Deploy.0 = Debug|Any CPU
		{34FC8D92-9FC4-45C6-A05D-06175237F913}.Debug|iPhone.ActiveCfg = Debug|Any CPU
		{34FC8D92-9FC4-45C6-A05D-06175237F913}.Debug|iPhone.Build.0 = Debug|Any CPU
		{34FC8D92-9FC4-45C6-A05D-06175237F913}.Debug|iPhone.Deploy.0 = Debug|Any CPU
		{34FC8D92-9FC4-45C6-A05D-06175237F913}.Debug|iPhoneSimulator.ActiveCfg = Debug|Any CPU
		{34FC8D92-9FC4-45C6-A05D-06175237F913}.Debug|iPhoneSimulator.Build.0 = Debug|Any CPU
		{34FC8D92-9FC4-45C6-A05D-06175237F913}.Debug|iPhoneSimulator.Deploy.0 = Debug|Any CPU
		{34FC8D92-9FC4-45C6-A05D-06175237F913}.Release|Any CPU.ActiveCfg = Release|Any CPU
		{34FC8D92-9FC4-45C6-A05D-06175237F913}.Release|Any CPU.Build.0 = Release|Any CPU
		{34FC8D92-9FC4-45C6-A05D-06175237F913}.Release|Any CPU.Deploy.0 = Release|Any CPU
		{34FC8D92-9FC4-45C6-A05D-06175237F913}.Release|iPhone.ActiveCfg = Release|Any CPU
		{34FC8D92-9FC4-45C6-A05D-06175237F913}.Release|iPhone.Build.0 = Release|Any CPU
		{34FC8D92-9FC4-45C6-A05D-06175237F913}.Release|iPhone.Deploy.0 = Release|Any CPU
		{34FC8D92-9FC4-45C6-A05D-06175237F913}.Release|iPhoneSimulator.ActiveCfg = Release|Any CPU
		{34FC8D92-9FC4-45C6-A05D-06175237F913}.Release|iPhoneSimulator.Build.0 = Release|Any CPU
		{34FC8D92-9FC4-45C6-A05D-06175237F913}.Release|iPhoneSimulator.Deploy.0 = Release|Any CPU
		{30CCE43C-AF50-40BA-BA43-8AB212BC2555}.Debug|Any CPU.ActiveCfg = Debug|iPhone
		{30CCE43C-AF50-40BA-BA43-8AB212BC2555}.Debug|Any CPU.Build.0 = Debug|iPhone
		{30CCE43C-AF50-40BA-BA43-8AB212BC2555}.Debug|Any CPU.Deploy.0 = Debug|iPhone
		{30CCE43C-AF50-40BA-BA43-8AB212BC2555}.Debug|iPhone.ActiveCfg = Debug|iPhone
		{30CCE43C-AF50-40BA-BA43-8AB212BC2555}.Debug|iPhone.Build.0 = Debug|iPhone
		{30CCE43C-AF50-40BA-BA43-8AB212BC2555}.Debug|iPhone.Deploy.0 = Debug|iPhone
		{30CCE43C-AF50-40BA-BA43-8AB212BC2555}.Debug|iPhoneSimulator.ActiveCfg = Debug|iPhoneSimulator
		{30CCE43C-AF50-40BA-BA43-8AB212BC2555}.Debug|iPhoneSimulator.Build.0 = Debug|iPhoneSimulator
		{30CCE43C-AF50-40BA-BA43-8AB212BC2555}.Debug|iPhoneSimulator.Deploy.0 = Debug|iPhoneSimulator
		{30CCE43C-AF50-40BA-BA43-8AB212BC2555}.Release|Any CPU.ActiveCfg = Release|iPhoneSimulator
		{30CCE43C-AF50-40BA-BA43-8AB212BC2555}.Release|Any CPU.Build.0 = Release|iPhoneSimulator
		{30CCE43C-AF50-40BA-BA43-8AB212BC2555}.Release|Any CPU.Deploy.0 = Release|iPhoneSimulator
		{30CCE43C-AF50-40BA-BA43-8AB212BC2555}.Release|iPhone.ActiveCfg = Release|iPhone
		{30CCE43C-AF50-40BA-BA43-8AB212BC2555}.Release|iPhone.Build.0 = Release|iPhone
		{30CCE43C-AF50-40BA-BA43-8AB212BC2555}.Release|iPhone.Deploy.0 = Release|iPhone
		{30CCE43C-AF50-40BA-BA43-8AB212BC2555}.Release|iPhoneSimulator.ActiveCfg = Release|iPhoneSimulator
		{30CCE43C-AF50-40BA-BA43-8AB212BC2555}.Release|iPhoneSimulator.Build.0 = Release|iPhoneSimulator
		{30CCE43C-AF50-40BA-BA43-8AB212BC2555}.Release|iPhoneSimulator.Deploy.0 = Release|iPhoneSimulator
		{BF75A776-ABB8-4C0F-B8E7-C73ED86993CB}.Debug|Any CPU.ActiveCfg = Debug|Any CPU
		{BF75A776-ABB8-4C0F-B8E7-C73ED86993CB}.Debug|Any CPU.Build.0 = Debug|Any CPU
		{BF75A776-ABB8-4C0F-B8E7-C73ED86993CB}.Debug|Any CPU.Deploy.0 = Debug|Any CPU
		{BF75A776-ABB8-4C0F-B8E7-C73ED86993CB}.Debug|iPhone.ActiveCfg = Debug|Any CPU
		{BF75A776-ABB8-4C0F-B8E7-C73ED86993CB}.Debug|iPhone.Build.0 = Debug|Any CPU
		{BF75A776-ABB8-4C0F-B8E7-C73ED86993CB}.Debug|iPhone.Deploy.0 = Debug|Any CPU
		{BF75A776-ABB8-4C0F-B8E7-C73ED86993CB}.Debug|iPhoneSimulator.ActiveCfg = Debug|Any CPU
		{BF75A776-ABB8-4C0F-B8E7-C73ED86993CB}.Debug|iPhoneSimulator.Build.0 = Debug|Any CPU
		{BF75A776-ABB8-4C0F-B8E7-C73ED86993CB}.Debug|iPhoneSimulator.Deploy.0 = Debug|Any CPU
		{BF75A776-ABB8-4C0F-B8E7-C73ED86993CB}.Release|Any CPU.ActiveCfg = Release|Any CPU
		{BF75A776-ABB8-4C0F-B8E7-C73ED86993CB}.Release|Any CPU.Build.0 = Release|Any CPU
		{BF75A776-ABB8-4C0F-B8E7-C73ED86993CB}.Release|Any CPU.Deploy.0 = Release|Any CPU
		{BF75A776-ABB8-4C0F-B8E7-C73ED86993CB}.Release|iPhone.ActiveCfg = Release|Any CPU
		{BF75A776-ABB8-4C0F-B8E7-C73ED86993CB}.Release|iPhone.Build.0 = Release|Any CPU
		{BF75A776-ABB8-4C0F-B8E7-C73ED86993CB}.Release|iPhone.Deploy.0 = Release|Any CPU
		{BF75A776-ABB8-4C0F-B8E7-C73ED86993CB}.Release|iPhoneSimulator.ActiveCfg = Release|Any CPU
		{BF75A776-ABB8-4C0F-B8E7-C73ED86993CB}.Release|iPhoneSimulator.Build.0 = Release|Any CPU
		{BF75A776-ABB8-4C0F-B8E7-C73ED86993CB}.Release|iPhoneSimulator.Deploy.0 = Release|Any CPU
	EndGlobalSection
	GlobalSection(SolutionProperties) = preSolution
		HideSolutionNode = FALSE
	EndGlobalSection
	GlobalSection(ExtensibilityGlobals) = postSolution
		SolutionGuid = {4C0D3A9E-C28D-4187-89DB-9209EC51264A}
	EndGlobalSection
EndGlobal
